
Microsoft Visual Studio Solution File, Format Version 12.00
# Visual Studio Version 16
VisualStudioVersion = 16.0.31402.337
MinimumVisualStudioVersion = 10.0.40219.1
Project("{FAE04EC0-301F-11D3-BF4B-00C04F79EFBC}") = "crud", "crud.csproj", "{A2127AF1-24C1-4F74-BEFE-7539D22848DE}"
EndProject
Global
	GlobalSection(SolutionConfigurationPlatforms) = preSolution
		Debug|Any CPU = Debug|Any CPU
		Release|Any CPU = Release|Any CPU
	EndGlobalSection
	GlobalSection(ProjectConfigurationPlatforms) = postSolution
		{A2127AF1-24C1-4F74-BEFE-7539D22848DE}.Debug|Any CPU.ActiveCfg = Debug|Any CPU
		{A2127AF1-24C1-4F74-BEFE-7539D22848DE}.Debug|Any CPU.Build.0 = Debug|Any CPU
		{A2127AF1-24C1-4F74-BEFE-7539D22848DE}.Release|Any CPU.ActiveCfg = Release|Any CPU
		{A2127AF1-24C1-4F74-BEFE-7539D22848DE}.Release|Any CPU.Build.0 = Release|Any CPU
	EndGlobalSection
	GlobalSection(SolutionProperties) = preSolution
		HideSolutionNode = FALSE
	EndGlobalSection
	GlobalSection(ExtensibilityGlobals) = postSolution
		SolutionGuid = {8ADF9A97-5A0B-4DE6-A9BC-FF1E97D9E235}
	EndGlobalSection
EndGlobal
